
Microsoft Visual Studio Solution File, Format Version 12.00
# Visual Studio 14
VisualStudioVersion = 14.0.23107.0
MinimumVisualStudioVersion = 10.0.40219.1
Project("{FAE04EC0-301F-11D3-BF4B-00C04F79EFBC}") = "AttributesColorizer", "AttributesColorizer\AttributesColorizer.csproj", "{7FB6DD59-690F-4792-BA04-077D66A96FCC}"
EndProject
Project("{FAE04EC0-301F-11D3-BF4B-00C04F79EFBC}") = "AttributesColorizer.Tests", "AttributesColorizer.Tests\AttributesColorizer.Tests.csproj", "{3BBDC164-9578-4096-8AB7-209D09751BA0}"
EndProject
Global
	GlobalSection(SolutionConfigurationPlatforms) = preSolution
		Debug|Any CPU = Debug|Any CPU
		Release|Any CPU = Release|Any CPU
	EndGlobalSection
	GlobalSection(ProjectConfigurationPlatforms) = postSolution
		{7FB6DD59-690F-4792-BA04-077D66A96FCC}.Debug|Any CPU.ActiveCfg = Debug|Any CPU
		{7FB6DD59-690F-4792-BA04-077D66A96FCC}.Debug|Any CPU.Build.0 = Debug|Any CPU
		{7FB6DD59-690F-4792-BA04-077D66A96FCC}.Release|Any CPU.ActiveCfg = Release|Any CPU
		{7FB6DD59-690F-4792-BA04-077D66A96FCC}.Release|Any CPU.Build.0 = Release|Any CPU
		{3BBDC164-9578-4096-8AB7-209D09751BA0}.Debug|Any CPU.ActiveCfg = Debug|Any CPU
		{3BBDC164-9578-4096-8AB7-209D09751BA0}.Debug|Any CPU.Build.0 = Debug|Any CPU
		{3BBDC164-9578-4096-8AB7-209D09751BA0}.Release|Any CPU.ActiveCfg = Release|Any CPU
		{3BBDC164-9578-4096-8AB7-209D09751BA0}.Release|Any CPU.Build.0 = Release|Any CPU
	EndGlobalSection
	GlobalSection(SolutionProperties) = preSolution
		HideSolutionNode = FALSE
	EndGlobalSection
EndGlobal
